{
  "projects": [
    {
      "projectId": "58GpZjZCWTaJ8AUhpCwt2K",
      "version": "3.6.0",
      "dependencies": {},
      "lang": "js",
      "fileLocks": [
        {
          "assetId": "58GpZjZCWTaJ8AUhpCwt2K",
          "type": "projectCss",
          "checksum": "d6fba95685214e0383bfcc5454d0469b"
        }
      ],
      "codegenVersion": "0.0.1"
    },
    {
      "projectId": "9Wy1b3THTSs75bMR8UrtAP",
      "version": "latest",
      "dependencies": {
        "58GpZjZCWTaJ8AUhpCwt2K": "3.6.0"
      },
      "lang": "js",
      "fileLocks": [
        {
          "type": "globalVariant",
          "assetId": "piab3eKRmJqZ0u",
          "checksum": "0107079cba6dda2e250b27ed99e93cf0"
        },
        {
          "assetId": "9Wy1b3THTSs75bMR8UrtAP",
          "type": "projectCss",
          "checksum": "59f92d9c6b327cfb284398d1cce1e6a1"
        },
        {
          "type": "renderModule",
          "assetId": "1PwgvYc3re_2n",
          "checksum": "eecfd65f7c4b29d6b60b7898201d9345"
        },
        {
          "type": "cssRules",
          "assetId": "1PwgvYc3re_2n",
          "checksum": "eecfd65f7c4b29d6b60b7898201d9345"
        },
        {
          "type": "renderModule",
          "assetId": "bmjdF6X2YIqzl",
          "checksum": "85b95fc1564ac656c8126a0dff445321"
        },
        {
          "type": "cssRules",
          "assetId": "bmjdF6X2YIqzl",
          "checksum": "85b95fc1564ac656c8126a0dff445321"
        },
        {
          "type": "renderModule",
          "assetId": "-VKEyHHJdwlNN",
          "checksum": "6d213364e4b531c792c0bf2f6a2ffab6"
        },
        {
          "type": "cssRules",
          "assetId": "-VKEyHHJdwlNN",
          "checksum": "6d213364e4b531c792c0bf2f6a2ffab6"
        },
        {
          "type": "renderModule",
          "assetId": "hqfDkiEqrrpce",
          "checksum": "f1023a4a8045dd25435b119155ada268"
        },
        {
          "type": "cssRules",
          "assetId": "hqfDkiEqrrpce",
          "checksum": "f1023a4a8045dd25435b119155ada268"
        },
        {
          "type": "renderModule",
          "assetId": "blx3Ph-jICFKL",
          "checksum": "a0dc551a6718fdd5f77bcd53abdd3540"
        },
        {
          "type": "cssRules",
          "assetId": "blx3Ph-jICFKL",
          "checksum": "a0dc551a6718fdd5f77bcd53abdd3540"
        },
        {
          "type": "renderModule",
          "assetId": "n1Dlz6lKXfrAP",
          "checksum": "65d665753d0aa0e15d3f50e1a7c2e3b1"
        },
        {
          "type": "cssRules",
          "assetId": "n1Dlz6lKXfrAP",
          "checksum": "65d665753d0aa0e15d3f50e1a7c2e3b1"
        },
        {
          "type": "renderModule",
          "assetId": "bRK221kCG1PI3",
          "checksum": "8c9ae067e43b634df9b376a29b6d2879"
        },
        {
          "type": "cssRules",
          "assetId": "bRK221kCG1PI3",
          "checksum": "8c9ae067e43b634df9b376a29b6d2879"
        },
        {
          "type": "renderModule",
          "assetId": "drEoVLYnt1K-z",
          "checksum": "b3a31d1780a6477132feabb7a4478b63"
        },
        {
          "type": "cssRules",
          "assetId": "drEoVLYnt1K-z",
          "checksum": "b3a31d1780a6477132feabb7a4478b63"
        },
        {
          "type": "renderModule",
          "assetId": "HTO8tc63p3Dgm",
          "checksum": "a34c6ee23f3ea290258479a9caf16605"
        },
        {
          "type": "cssRules",
          "assetId": "HTO8tc63p3Dgm",
          "checksum": "a34c6ee23f3ea290258479a9caf16605"
        },
        {
          "type": "renderModule",
          "assetId": "4mT1ktAU5b-2K",
          "checksum": "7069c7fde2615bd029a93d8adbaa3d31"
        },
        {
          "type": "cssRules",
          "assetId": "4mT1ktAU5b-2K",
          "checksum": "7069c7fde2615bd029a93d8adbaa3d31"
        },
        {
          "type": "renderModule",
          "assetId": "Hr_6ToVJwC3nf",
          "checksum": "b4afe8c8dcd403918b1348cb7471c204"
        },
        {
          "type": "cssRules",
          "assetId": "Hr_6ToVJwC3nf",
          "checksum": "b4afe8c8dcd403918b1348cb7471c204"
        },
        {
          "type": "renderModule",
          "assetId": "EgP7ay0jOTkb3",
          "checksum": "b5b6116b478e023d80eb0ead3fcb7092"
        },
        {
          "type": "cssRules",
          "assetId": "EgP7ay0jOTkb3",
          "checksum": "b5b6116b478e023d80eb0ead3fcb7092"
        },
        {
          "type": "renderModule",
          "assetId": "tVWwwWQ3rz-p2",
          "checksum": "7eeb6fdca076348a008d9e6ec887de87"
        },
        {
          "type": "cssRules",
          "assetId": "tVWwwWQ3rz-p2",
          "checksum": "7eeb6fdca076348a008d9e6ec887de87"
        },
        {
          "type": "renderModule",
          "assetId": "DzMzaGOrX5RkM",
          "checksum": "0971cf6f1539fb401848b6ad8c51aaa2"
        },
        {
          "type": "cssRules",
          "assetId": "DzMzaGOrX5RkM",
          "checksum": "0971cf6f1539fb401848b6ad8c51aaa2"
        },
        {
          "type": "renderModule",
          "assetId": "9umbXoKfMqo2l",
          "checksum": "35ff1f9500122f079ec4a7dc2160f62f"
        },
        {
          "type": "cssRules",
          "assetId": "9umbXoKfMqo2l",
          "checksum": "35ff1f9500122f079ec4a7dc2160f62f"
        },
        {
          "type": "renderModule",
          "assetId": "un-VPEWz6mUfm",
          "checksum": "f792bc0e5d19c84453efda6261ff8561"
        },
        {
          "type": "cssRules",
          "assetId": "un-VPEWz6mUfm",
          "checksum": "f792bc0e5d19c84453efda6261ff8561"
        },
        {
          "type": "renderModule",
          "assetId": "xzLfdCzs6voCd",
          "checksum": "061e153d309c562881866d915d9fcb70"
        },
        {
          "type": "cssRules",
          "assetId": "xzLfdCzs6voCd",
          "checksum": "061e153d309c562881866d915d9fcb70"
        },
        {
          "type": "renderModule",
          "assetId": "fIm4_GAv3oJJ_",
          "checksum": "3a278d823cdf016ad0059a7cb883ba6a"
        },
        {
          "type": "cssRules",
          "assetId": "fIm4_GAv3oJJ_",
          "checksum": "3a278d823cdf016ad0059a7cb883ba6a"
        },
        {
          "type": "renderModule",
          "assetId": "Yl-ZZuB2Im8hxw",
          "checksum": "cdebf07775c52856e3db2c8e46635ca7"
        },
        {
          "type": "cssRules",
          "assetId": "Yl-ZZuB2Im8hxw",
          "checksum": "cdebf07775c52856e3db2c8e46635ca7"
        },
        {
          "type": "renderModule",
          "assetId": "UEmSz73xHdl8Gm",
          "checksum": "736e63ae9239081a4a7b1406a3a2f4a6"
        },
        {
          "type": "cssRules",
          "assetId": "UEmSz73xHdl8Gm",
          "checksum": "736e63ae9239081a4a7b1406a3a2f4a6"
        },
        {
          "type": "renderModule",
          "assetId": "byaCsYzq-_OuKn",
          "checksum": "ad747934f8ac6b0206e277173eb322a3"
        },
        {
          "type": "cssRules",
          "assetId": "byaCsYzq-_OuKn",
          "checksum": "ad747934f8ac6b0206e277173eb322a3"
        },
        {
          "type": "renderModule",
          "assetId": "cfp0Agc_OVTfFn",
          "checksum": "90d9dba788f3ece9aacb8f001b4ada41"
        },
        {
          "type": "cssRules",
          "assetId": "cfp0Agc_OVTfFn",
          "checksum": "90d9dba788f3ece9aacb8f001b4ada41"
        },
        {
          "type": "renderModule",
          "assetId": "cJ5zu9ISqt8hUO",
          "checksum": "ffa99cd3439b124d7767e4c11c726ec7"
        },
        {
          "type": "cssRules",
          "assetId": "cJ5zu9ISqt8hUO",
          "checksum": "ffa99cd3439b124d7767e4c11c726ec7"
        },
        {
          "type": "renderModule",
          "assetId": "-kwvYthZxgrZ_I",
          "checksum": "975ed4239d8d80876fd50e126090555f"
        },
        {
          "type": "cssRules",
          "assetId": "-kwvYthZxgrZ_I",
          "checksum": "975ed4239d8d80876fd50e126090555f"
        },
        {
          "type": "renderModule",
          "assetId": "Mkr-hQ7y8jwges",
          "checksum": "c93c904ed2dd38c4a237d88bb743f51c"
        },
        {
          "type": "cssRules",
          "assetId": "Mkr-hQ7y8jwges",
          "checksum": "c93c904ed2dd38c4a237d88bb743f51c"
        },
        {
          "type": "renderModule",
          "assetId": "n1n_V1laTAEYhF",
          "checksum": "d0a84bc0813884197d93b1923c750c2e"
        },
        {
          "type": "cssRules",
          "assetId": "n1n_V1laTAEYhF",
          "checksum": "d0a84bc0813884197d93b1923c750c2e"
        },
        {
          "type": "renderModule",
          "assetId": "zr6L8j65ktfjkC",
          "checksum": "3b9ce4c8258748bec8589d300944bbe4"
        },
        {
          "type": "cssRules",
          "assetId": "zr6L8j65ktfjkC",
          "checksum": "3b9ce4c8258748bec8589d300944bbe4"
        },
        {
          "type": "renderModule",
          "assetId": "zNGcio-B7SWend",
          "checksum": "ca2a6434f0d9159623b53b1a17b08122"
        },
        {
          "type": "cssRules",
          "assetId": "zNGcio-B7SWend",
          "checksum": "ca2a6434f0d9159623b53b1a17b08122"
        },
        {
          "type": "renderModule",
          "assetId": "keD8R5HWoF7XP_",
          "checksum": "520f8670985fb0c345f50bf15d8780be"
        },
        {
          "type": "cssRules",
          "assetId": "keD8R5HWoF7XP_",
          "checksum": "520f8670985fb0c345f50bf15d8780be"
        },
        {
          "type": "renderModule",
          "assetId": "sWJyBauE60RNOg",
          "checksum": "68e57fcadcb9805ea6b5609ce3b13b15"
        },
        {
          "type": "cssRules",
          "assetId": "sWJyBauE60RNOg",
          "checksum": "68e57fcadcb9805ea6b5609ce3b13b15"
        },
        {
          "type": "renderModule",
          "assetId": "MCpe3J9ydVrM-k",
          "checksum": "f8394986ce516f1dbe35a2ed7bd73dcc"
        },
        {
          "type": "cssRules",
          "assetId": "MCpe3J9ydVrM-k",
          "checksum": "f8394986ce516f1dbe35a2ed7bd73dcc"
        },
        {
          "type": "renderModule",
          "assetId": "Y2XYRxe_1CCZLl",
          "checksum": "2cbe2da94d91357a2f68eb29df476de8"
        },
        {
          "type": "cssRules",
          "assetId": "Y2XYRxe_1CCZLl",
          "checksum": "2cbe2da94d91357a2f68eb29df476de8"
        },
        {
          "type": "renderModule",
          "assetId": "n7RZHq9YTMzqib",
          "checksum": "3e2a8457f6ee7613e71725c4b9a0cd63"
        },
        {
          "type": "cssRules",
          "assetId": "n7RZHq9YTMzqib",
          "checksum": "3e2a8457f6ee7613e71725c4b9a0cd63"
        },
        {
          "type": "renderModule",
          "assetId": "K7ctwuXQzjM2Cm",
          "checksum": "e0b73ebaf037e07bd4c8d669d9f34736"
        },
        {
          "type": "cssRules",
          "assetId": "K7ctwuXQzjM2Cm",
          "checksum": "e0b73ebaf037e07bd4c8d669d9f34736"
        },
        {
          "type": "renderModule",
          "assetId": "pieGi3__D9yEmm",
          "checksum": "160a837c1beb2d3b09b2ac79799cabd3"
        },
        {
          "type": "cssRules",
          "assetId": "pieGi3__D9yEmm",
          "checksum": "160a837c1beb2d3b09b2ac79799cabd3"
        },
        {
          "type": "renderModule",
          "assetId": "3mB51ra2YqyZPa",
          "checksum": "374d70c92b906a3b39858a7cbe898129"
        },
        {
          "type": "cssRules",
          "assetId": "3mB51ra2YqyZPa",
          "checksum": "374d70c92b906a3b39858a7cbe898129"
        },
        {
          "type": "renderModule",
          "assetId": "9C5RX0PMSt_mLP",
          "checksum": "53fe14262ccb99c39214de944b3b0088"
        },
        {
          "type": "cssRules",
          "assetId": "9C5RX0PMSt_mLP",
          "checksum": "53fe14262ccb99c39214de944b3b0088"
        },
        {
          "type": "renderModule",
          "assetId": "7SrV4bgLEYWGrU",
          "checksum": "0d4cc30e04e0a84c3a8ac7104de4bdac"
        },
        {
          "type": "cssRules",
          "assetId": "7SrV4bgLEYWGrU",
          "checksum": "0d4cc30e04e0a84c3a8ac7104de4bdac"
        },
        {
          "type": "renderModule",
          "assetId": "89DQzPMPQ03TFw",
          "checksum": "32fd7dc1be60110663566af8ff25e341"
        },
        {
          "type": "cssRules",
          "assetId": "89DQzPMPQ03TFw",
          "checksum": "32fd7dc1be60110663566af8ff25e341"
        },
        {
          "type": "renderModule",
          "assetId": "H-bNMQ_CJTKeJn",
          "checksum": "c5e477edfb6ec9d60de54bc2f8f08109"
        },
        {
          "type": "cssRules",
          "assetId": "H-bNMQ_CJTKeJn",
          "checksum": "c5e477edfb6ec9d60de54bc2f8f08109"
        },
        {
          "type": "renderModule",
          "assetId": "wI7VqDrN5kTemK",
          "checksum": "3c932894d02c52e4b66b1ee460329824"
        },
        {
          "type": "cssRules",
          "assetId": "wI7VqDrN5kTemK",
          "checksum": "3c932894d02c52e4b66b1ee460329824"
        },
        {
          "type": "renderModule",
          "assetId": "PFHYlMBzlgomX1",
          "checksum": "3b3d01440d3ae56d668a9c638ddcd185"
        },
        {
          "type": "cssRules",
          "assetId": "PFHYlMBzlgomX1",
          "checksum": "3b3d01440d3ae56d668a9c638ddcd185"
        },
        {
          "type": "renderModule",
          "assetId": "gLJtZ8s2GxeshY",
          "checksum": "ab446b6afb77daa4ca992b377aa04c51"
        },
        {
          "type": "cssRules",
          "assetId": "gLJtZ8s2GxeshY",
          "checksum": "ab446b6afb77daa4ca992b377aa04c51"
        },
        {
          "type": "renderModule",
          "assetId": "sh8Y76trVqg9KR",
          "checksum": "50b9f7961ecffe2bd1e0af49e98d593f"
        },
        {
          "type": "cssRules",
          "assetId": "sh8Y76trVqg9KR",
          "checksum": "50b9f7961ecffe2bd1e0af49e98d593f"
        },
        {
          "type": "renderModule",
          "assetId": "ijYVlv1ka3boUs",
          "checksum": "19968819a924b0bc02333f7f50e74af2"
        },
        {
          "type": "cssRules",
          "assetId": "ijYVlv1ka3boUs",
          "checksum": "19968819a924b0bc02333f7f50e74af2"
        },
        {
          "type": "renderModule",
          "assetId": "vnUhbGjOR4fdLd",
          "checksum": "666f8c55db037742b40c057beaf6b3d4"
        },
        {
          "type": "cssRules",
          "assetId": "vnUhbGjOR4fdLd",
          "checksum": "666f8c55db037742b40c057beaf6b3d4"
        },
        {
          "type": "renderModule",
          "assetId": "xl4RZW1_mqe377",
          "checksum": "2486cd6ec334acb03aaa0214492e7181"
        },
        {
          "type": "cssRules",
          "assetId": "xl4RZW1_mqe377",
          "checksum": "2486cd6ec334acb03aaa0214492e7181"
        },
        {
          "type": "renderModule",
          "assetId": "Hzn-pxQjKn6WK",
          "checksum": "cf96e0b0429fb67c384d397f377609ea"
        },
        {
          "type": "cssRules",
          "assetId": "Hzn-pxQjKn6WK",
          "checksum": "cf96e0b0429fb67c384d397f377609ea"
        },
        {
          "type": "renderModule",
          "assetId": "05u-OcMoDHcHv",
          "checksum": "15d328fbcc95a93f2db0d485b1212f8c"
        },
        {
          "type": "cssRules",
          "assetId": "05u-OcMoDHcHv",
          "checksum": "15d328fbcc95a93f2db0d485b1212f8c"
        },
        {
          "type": "renderModule",
          "assetId": "-q8KmuuJ7Mrzq",
          "checksum": "b0f4ab5d015bb6f5381d30d4896648c5"
        },
        {
          "type": "cssRules",
          "assetId": "-q8KmuuJ7Mrzq",
          "checksum": "b0f4ab5d015bb6f5381d30d4896648c5"
        },
        {
          "type": "renderModule",
          "assetId": "zHH4zBIL-j17G",
          "checksum": "560a12855716c6030bbcfe9d5c0b814a"
        },
        {
          "type": "cssRules",
          "assetId": "zHH4zBIL-j17G",
          "checksum": "560a12855716c6030bbcfe9d5c0b814a"
        },
        {
          "type": "renderModule",
          "assetId": "oM0_gDeIuDQPu2",
          "checksum": "82841fcb67f0f261f017bf73b90c6a36"
        },
        {
          "type": "cssRules",
          "assetId": "oM0_gDeIuDQPu2",
          "checksum": "82841fcb67f0f261f017bf73b90c6a36"
        },
        {
          "type": "renderModule",
          "assetId": "Tm2qw0jN35h8TX",
          "checksum": "45c1a2989c73b1e183c116adb4a7267d"
        },
        {
          "type": "cssRules",
          "assetId": "Tm2qw0jN35h8TX",
          "checksum": "45c1a2989c73b1e183c116adb4a7267d"
        },
        {
          "type": "renderModule",
          "assetId": "Bx1-CQy22yzmz_",
          "checksum": "619728892ac1807291cc60e5a854ab56"
        },
        {
          "type": "cssRules",
          "assetId": "Bx1-CQy22yzmz_",
          "checksum": "619728892ac1807291cc60e5a854ab56"
        },
        {
          "type": "renderModule",
          "assetId": "EGMfw0aj_iVHgo",
          "checksum": "4ae8902ed57a3e9c6e32f06129b7ce8a"
        },
        {
          "type": "cssRules",
          "assetId": "EGMfw0aj_iVHgo",
          "checksum": "4ae8902ed57a3e9c6e32f06129b7ce8a"
        },
        {
          "type": "renderModule",
          "assetId": "bRDXOCV7sy",
          "checksum": "c9d061df14d33c942ebb6314fb686bea"
        },
        {
          "type": "cssRules",
          "assetId": "bRDXOCV7sy",
          "checksum": "c9d061df14d33c942ebb6314fb686bea"
        },
        {
          "type": "renderModule",
          "assetId": "0AzExKl0wO",
          "checksum": "dadd386ec2deb62edb086f9ea1b7f9a2"
        },
        {
          "type": "cssRules",
          "assetId": "0AzExKl0wO",
          "checksum": "dadd386ec2deb62edb086f9ea1b7f9a2"
        },
        {
          "type": "renderModule",
          "assetId": "_duuQA1K6x",
          "checksum": "1fe7738feac9620c384977f82918edcb"
        },
        {
          "type": "cssRules",
          "assetId": "_duuQA1K6x",
          "checksum": "1fe7738feac9620c384977f82918edcb"
        },
        {
          "type": "renderModule",
          "assetId": "mgL1JjLu-u",
          "checksum": "e420954729ad2fbe3502a31ade7b2449"
        },
        {
          "type": "cssRules",
          "assetId": "mgL1JjLu-u",
          "checksum": "e420954729ad2fbe3502a31ade7b2449"
        },
        {
          "type": "icon",
          "assetId": "B8zzVS_ci5hbji",
          "checksum": "ee47268e70a555996e2ec5abf255e15f"
        },
        {
          "type": "icon",
          "assetId": "TkmSGTWNHqDPth",
          "checksum": "54bb8489b6ca124afdde45d31e12abbe"
        },
        {
          "type": "icon",
          "assetId": "JO8sf61WAf2_hY",
          "checksum": "a3580994446d7dd408a87e1e4e980b91"
        },
        {
          "type": "icon",
          "assetId": "8nWi9BuHnAlke5",
          "checksum": "0b8ddd31b5a8f4e92c8fbee7b2f20ae6"
        },
        {
          "type": "icon",
          "assetId": "1uhGW6mIluu8OT",
          "checksum": "b49169d49ba03b7d6a5e7091e448c9c3"
        },
        {
          "type": "icon",
          "assetId": "vKkMEQ135Hzpaf",
          "checksum": "7b87660105557e7c3e4eabab4a84d8ba"
        },
        {
          "type": "icon",
          "assetId": "oULcLRU6ng6zze",
          "checksum": "0cacd30deac76115a792578cfd6a0d97"
        },
        {
          "type": "icon",
          "assetId": "K4UqKbHkXZjVM6",
          "checksum": "af590a77f1af50221567afd5814f28fc"
        },
        {
          "type": "icon",
          "assetId": "ky6Tne7b224E_f",
          "checksum": "fb6ad40fbae5e3419504877dacc54f86"
        },
        {
          "type": "icon",
          "assetId": "9Wvj9cHCIZ7oD4",
          "checksum": "b3d37bc294030e6813345f92e24c5f6e"
        },
        {
          "type": "icon",
          "assetId": "e3A5LhMW5LMBww",
          "checksum": "7adaf7a51f2f6bc6a9e3f15e1e43e1ab"
        },
        {
          "type": "icon",
          "assetId": "lLOdV1GgikSKrj",
          "checksum": "5929e8ade78cc5820331082be93abcc4"
        },
        {
          "type": "icon",
          "assetId": "pdyw2Y6RhxiHxv",
          "checksum": "72c48bf6ae6a5079a81b3cd0f06027cb"
        },
        {
          "type": "icon",
          "assetId": "5L35mjmFfzI9Zx",
          "checksum": "65802b3a21c63dec0c4b3e33644ac362"
        },
        {
          "type": "icon",
          "assetId": "fe6nhyMFMOGjaa",
          "checksum": "2df5bd3430b5298cbf3bf9d9a41d36a3"
        },
        {
          "type": "icon",
          "assetId": "MuQPCXVpWNpegT",
          "checksum": "68fa7e56a110561218b0bdfec165b67c"
        },
        {
          "type": "icon",
          "assetId": "uuSjbQdl1ryHFx",
          "checksum": "1307b903b40629d8bb432196c1725737"
        },
        {
          "type": "icon",
          "assetId": "6kBgGV8FE8HIsZ",
          "checksum": "c8a2827c1acc737fcc619aa308e2bb63"
        },
        {
          "type": "icon",
          "assetId": "V6npvBzaYfa-Q_",
          "checksum": "54b2788e3fe7f774703ac735abb59f7e"
        },
        {
          "type": "icon",
          "assetId": "d7iRL7U7jI9zBM",
          "checksum": "908376d2349e0112e2d8c81dc7123594"
        },
        {
          "type": "icon",
          "assetId": "hFvtBDKj5rLEvo",
          "checksum": "adbfaf8eb01c94ab25ee9448091c8cb0"
        },
        {
          "type": "icon",
          "assetId": "8jtLp2AKdeQV0u",
          "checksum": "e42734b40c3efa6a06b3644eca0e3a0f"
        },
        {
          "type": "icon",
          "assetId": "Aabvk4flP7-cbI",
          "checksum": "877b7c82b448d5e8f6f4ec0033f20d09"
        },
        {
          "type": "icon",
          "assetId": "5rA9yVjtT8RjQY",
          "checksum": "b279f01ab20f8ab6d33514b9ecf99e56"
        },
        {
          "type": "icon",
          "assetId": "iOjSeGH5kvzlji",
          "checksum": "cd60965e0b5a178f905a4409c171ee22"
        },
        {
          "type": "icon",
          "assetId": "9GTPv8THpWieAB",
          "checksum": "d9057e9e458d7c6efb0b7f5a4ea7cad2"
        },
        {
          "type": "icon",
          "assetId": "EXaZE8WDBGqQMa",
          "checksum": "a909135f2563df43f78dda96eb014da3"
        },
        {
          "type": "icon",
          "assetId": "ED3JGzyST6NzD8",
          "checksum": "d1961ab544e10c1f2b45bf6efac18d40"
        },
        {
          "type": "icon",
          "assetId": "RzdsdqkFRjjaTz",
          "checksum": "477bf4ca90f428febe0335de59622e2f"
        },
        {
          "type": "icon",
          "assetId": "1D3Ki5QpVG2g6o",
          "checksum": "8ef06268c8db117d52f29155a5ec3cc0"
        },
        {
          "type": "icon",
          "assetId": "bNYJSuI2kvM26T",
          "checksum": "913996cd5d963ab51fa63607f050e8ea"
        },
        {
          "type": "icon",
          "assetId": "DEC5dRJ0ZRkCpl",
          "checksum": "41aa60eaf32db4dd634363b41ab52d92"
        },
        {
          "type": "icon",
          "assetId": "mbUYaplPwcB82t",
          "checksum": "011960e639143bd6591790f31ab92528"
        },
        {
          "type": "icon",
          "assetId": "t0V5mkgXcd8F5L",
          "checksum": "a58391fbe44825280aaaebc6d631e2ae"
        },
        {
          "type": "icon",
          "assetId": "eIg_NaAwaLt",
          "checksum": "1462663b3e3a7742bdf2e14f225d464f"
        },
        {
          "type": "image",
          "assetId": "kSgMXW2eGaRUKZ",
          "checksum": "22a58c422051b0a3351d34ff5410d61e"
        },
        {
          "type": "image",
          "assetId": "sI4QhKUxvPOlVf",
          "checksum": "44ea374f5641a6f5418354b0c528c733"
        },
        {
          "type": "image",
          "assetId": "dHtI9eLyWiv486",
          "checksum": "850a3319389383a0b211bb58d931a45d"
        },
        {
          "type": "image",
          "assetId": "Qjlep12iIRSC5u",
          "checksum": "3477274739f4e1a59849117eef089c07"
        },
        {
          "type": "image",
          "assetId": "hmt0A82wN2Yyf5",
          "checksum": "86037fc32486c251aedcf9c7f7562459"
        },
        {
          "type": "image",
          "assetId": "W-ojU526XzmM2c",
          "checksum": "16492dcd220b0434dc91f860ad747527"
        },
        {
          "type": "image",
          "assetId": "1_n61TtKkUx3Fn",
          "checksum": "55e349f6486190bcc6f9a9e947888d88"
        },
        {
          "type": "image",
          "assetId": "2uqP765z-TXI5Z",
          "checksum": "b09f3ef509a11ce9a219e0389b34f608"
        },
        {
          "type": "image",
          "assetId": "QyyDpGCAX4_B0w",
          "checksum": "4e75713d365f36d434df8b1004c6cdf2"
        },
        {
          "type": "image",
          "assetId": "qeqsufCqeH_xDd",
          "checksum": "c25fcbd6c6738c08c314233dbda43866"
        },
        {
          "type": "image",
          "assetId": "w5x6duxhzDjbc8",
          "checksum": "d05b099bca92a0efe8673167c740c46e"
        },
        {
          "type": "image",
          "assetId": "LB2QhaKXng6MTr",
          "checksum": "1595bd679e7e90bc41f390b951cfcf43"
        },
        {
          "type": "image",
          "assetId": "ipxvHxB8uUPQ1x",
          "checksum": "04ed554a7fa267b3f9a84e50604116be"
        },
        {
          "type": "image",
          "assetId": "zX_b_pIn9Y-Gvh",
          "checksum": "f9d2af8b69aec705460bc0d9bb9fff60"
        },
        {
          "type": "image",
          "assetId": "pB3vmXaZaBuY9D",
          "checksum": "3c47398db36c1bab9e714de486b649f7"
        },
        {
          "type": "image",
          "assetId": "bf-RFqFHvMgsHi",
          "checksum": "433c95014f28145c90db386870df9058"
        },
        {
          "type": "image",
          "assetId": "NwmRKQF9G8QUb1",
          "checksum": "edb636b2ef82e5b1935165ef64c2a549"
        },
        {
          "type": "image",
          "assetId": "IX_T0KqqRc8WnZ",
          "checksum": "afd866309c2fe51e063f448a8f11e2d1"
        },
        {
          "type": "image",
          "assetId": "nSyYSXezWh_SUd",
          "checksum": "b88442764579d425084f96a7bb044c64"
        },
        {
          "type": "image",
          "assetId": "kuDvxDK6lSroG0",
          "checksum": "8b76b963a84777805561e3faa3fea251"
        },
        {
          "type": "image",
          "assetId": "Zlgl8XDrZij-ys",
          "checksum": "60aa2ee8c0536b69644df3ce33dca23b"
        },
        {
          "type": "image",
          "assetId": "aNyv7OWXgQ-cJz",
          "checksum": "163ea889a2b82c3a436a9792c09039a9"
        },
        {
          "type": "image",
          "assetId": "GUKvCbW7Ur-JE8",
          "checksum": "db01277396e401ee6ab05e140c20badd"
        },
        {
          "type": "image",
          "assetId": "ZcAx7r8ZJyzO9U",
          "checksum": "5a7b7c986bea49282e26965feb2a916a"
        },
        {
          "type": "image",
          "assetId": "U-d3KYI2jldFmC",
          "checksum": "504ce0e51c24fb7882ae35e9b1dd6cc9"
        },
        {
          "type": "image",
          "assetId": "UGrGzxcxXMIaBg",
          "checksum": "2c9de871c4bfc0061a148a3cfd2e0ada"
        },
        {
          "type": "image",
          "assetId": "PVe-6Lb_MpooGm",
          "checksum": "8f5359352e8cbdef115f52324f8741a4"
        },
        {
          "type": "image",
          "assetId": "yOhBd5-m0uvfGu",
          "checksum": "3ee6510d7228523255350464cb6a9e2d"
        },
        {
          "type": "image",
          "assetId": "Oiiev4iN_VTdB1",
          "checksum": "49d3fca3ada72b3c1ad86817c749b9c0"
        },
        {
          "type": "image",
          "assetId": "6IJ0Oxsz_cla0x",
          "checksum": "8f26a282e6e256772d0b46cb550f9b4c"
        },
        {
          "type": "image",
          "assetId": "jT9eNDOZDP19Uj",
          "checksum": "954a71241034a02c53e1c219a185a8e1"
        },
        {
          "type": "image",
          "assetId": "dW1qYH06f7qFYV",
          "checksum": "022c888f47ba0ceb13e4989685a604ee"
        },
        {
          "type": "image",
          "assetId": "YX61J3QtRWIAzT",
          "checksum": "e5886437162c8167d4bd3bdb05755fbf"
        },
        {
          "type": "image",
          "assetId": "dUaDwy04K12qVD",
          "checksum": "e66c5c3df2e959592b8f3a8a53f8484d"
        },
        {
          "type": "image",
          "assetId": "MISU1EZF_dwHO7",
          "checksum": "878399686ab482e721b998aa822d25a1"
        },
        {
          "type": "image",
          "assetId": "Jup5ZyDLFuX808",
          "checksum": "5306a30017c84a4be9ba8af4d5e685ed"
        },
        {
          "type": "image",
          "assetId": "dBg35wXAvtDHBL",
          "checksum": "9d1e55f1f3f2932dfb22cdc565cd9d91"
        },
        {
          "type": "image",
          "assetId": "WILD5QCTOBj0r3",
          "checksum": "1b3decf0bcdd9623690ec27787f55514"
        },
        {
          "type": "image",
          "assetId": "hHKu2j2fSE-TE-",
          "checksum": "c80fcb3b3a9db8b1692f860db232d74c"
        },
        {
          "type": "image",
          "assetId": "OfAc27NT5Qp8Kk",
          "checksum": "5337f29abfc003152442156147a7189b"
        },
        {
          "type": "image",
          "assetId": "vG9c896GNeQRea",
          "checksum": "5e3ab88b11ff1296d3696c8ebbc42da2"
        },
        {
          "type": "image",
          "assetId": "hbjG3BLWkw0MC6",
          "checksum": "474f9b5fde9a760cdbfc0efa93f4ecbe"
        },
        {
          "type": "image",
          "assetId": "NNV9Sxd06u6TIm",
          "checksum": "86bdcff16cada840ce0e024dc9b82091"
        },
        {
          "type": "image",
          "assetId": "v_T4znNxHdQXWj",
          "checksum": "458cfdf837954100a61ad1e27b2a302f"
        },
        {
          "type": "image",
          "assetId": "ZcTgEKWrXsp0JW",
          "checksum": "3efb1fc2b687e0a9355c9be8c070f170"
        },
        {
          "type": "image",
          "assetId": "9CmTdNWKaSghIM",
          "checksum": "66442641f8e01de3c77a212a04d3bbb1"
        },
        {
          "type": "image",
          "assetId": "AujcD0Ph9b2Vr_",
          "checksum": "5ec70f311fa88b3b9c0e2a9c39cbda5e"
        },
        {
          "type": "image",
          "assetId": "qdsQnHz7qEZ",
          "checksum": "a617eaaa99e935a0b3e5765a7b053458"
        },
        {
          "type": "image",
          "assetId": "3B1WHIHQ3",
          "checksum": "d40aa5d95343e0a3ceb83a30802021ed"
        },
        {
          "type": "image",
          "assetId": "TX038ibJd",
          "checksum": "aaf1868ec6e6391efad754c341509586"
        }
      ],
      "codegenVersion": "0.0.1"
    }
  ],
  "cliVersion": "0.1.187"
}
